
Microsoft Visual Studio Solution File, Format Version 12.00
# Visual Studio Version 16
VisualStudioVersion = 16.0.29326.143
MinimumVisualStudioVersion = 10.0.40219.1
Project("{FAE04EC0-301F-11D3-BF4B-00C04F79EFBC}") = "WarehouseTest", "WarehouseTest\WarehouseTest.csproj", "{077434C5-64F0-46A5-9122-BCB82034CA94}"
EndProject
Project("{2150E333-8FDC-42A3-9474-1A3956D46DE8}") = "Framework", "Framework", "{F8A4F2D1-3A5D-430C-95B2-79842B8A911D}"
EndProject
Project("{FAE04EC0-301F-11D3-BF4B-00C04F79EFBC}") = "Warehouse.Framework", "Warehouse.Framework\Warehouse.Framework.csproj", "{90F636C7-6DA1-496C-9B56-99DED8BB4BA9}"
EndProject
Project("{2150E333-8FDC-42A3-9474-1A3956D46DE8}") = "Src", "Src", "{58E14902-63D6-4EC9-9ADD-8A4297B9CAF3}"
EndProject
Project("{2150E333-8FDC-42A3-9474-1A3956D46DE8}") = "Domin", "Domin", "{E728A261-0CAC-47C9-B1D1-7517F893BD8B}"
EndProject
Project("{2150E333-8FDC-42A3-9474-1A3956D46DE8}") = "Core", "Core", "{F8280FB5-06AA-4ACC-9909-DD7B9B33A036}"
EndProject
Project("{FAE04EC0-301F-11D3-BF4B-00C04F79EFBC}") = "App.Domin.Core", "App.Domin.Core\App.Domin.Core.csproj", "{01683487-8163-4067-853D-5F15ADEDED23}"
EndProject
Project("{2150E333-8FDC-42A3-9474-1A3956D46DE8}") = "Infrastructure", "Infrastructure", "{D7FFE65D-364B-4D86-84A7-93FB373E4FA9}"
EndProject
Project("{FAE04EC0-301F-11D3-BF4B-00C04F79EFBC}") = "App.Core.Repo", "App.Core.Repo\App.Core.Repo.csproj", "{8B1EF371-C5A0-419E-941A-EA027592466D}"
EndProject
Project("{2150E333-8FDC-42A3-9474-1A3956D46DE8}") = "Business", "Business", "{E4670AF2-E3F7-4113-9408-0E2666FBF5E7}"
EndProject
Project("{2150E333-8FDC-42A3-9474-1A3956D46DE8}") = "Services", "Services", "{917DED5D-03DD-4C96-8598-84280F5B2E9B}"
EndProject
Project("{FAE04EC0-301F-11D3-BF4B-00C04F79EFBC}") = "App.Bus.Services", "App.Bus.Services\App.Bus.Services.csproj", "{77B6529E-E012-4F37-BA65-39B0E6BB8D37}"
EndProject
Project("{2150E333-8FDC-42A3-9474-1A3956D46DE8}") = "UI", "UI", "{2EAB81DF-467F-472D-B0C1-86A3FC3BCA99}"
EndProject
Global
	GlobalSection(SolutionConfigurationPlatforms) = preSolution
		Debug|Any CPU = Debug|Any CPU
		Release|Any CPU = Release|Any CPU
	EndGlobalSection
	GlobalSection(ProjectConfigurationPlatforms) = postSolution
		{077434C5-64F0-46A5-9122-BCB82034CA94}.Debug|Any CPU.ActiveCfg = Debug|Any CPU
		{077434C5-64F0-46A5-9122-BCB82034CA94}.Debug|Any CPU.Build.0 = Debug|Any CPU
		{077434C5-64F0-46A5-9122-BCB82034CA94}.Release|Any CPU.ActiveCfg = Release|Any CPU
		{077434C5-64F0-46A5-9122-BCB82034CA94}.Release|Any CPU.Build.0 = Release|Any CPU
		{90F636C7-6DA1-496C-9B56-99DED8BB4BA9}.Debug|Any CPU.ActiveCfg = Debug|Any CPU
		{90F636C7-6DA1-496C-9B56-99DED8BB4BA9}.Debug|Any CPU.Build.0 = Debug|Any CPU
		{90F636C7-6DA1-496C-9B56-99DED8BB4BA9}.Release|Any CPU.ActiveCfg = Release|Any CPU
		{90F636C7-6DA1-496C-9B56-99DED8BB4BA9}.Release|Any CPU.Build.0 = Release|Any CPU
		{01683487-8163-4067-853D-5F15ADEDED23}.Debug|Any CPU.ActiveCfg = Debug|Any CPU
		{01683487-8163-4067-853D-5F15ADEDED23}.Debug|Any CPU.Build.0 = Debug|Any CPU
		{01683487-8163-4067-853D-5F15ADEDED23}.Release|Any CPU.ActiveCfg = Release|Any CPU
		{01683487-8163-4067-853D-5F15ADEDED23}.Release|Any CPU.Build.0 = Release|Any CPU
		{8B1EF371-C5A0-419E-941A-EA027592466D}.Debug|Any CPU.ActiveCfg = Debug|Any CPU
		{8B1EF371-C5A0-419E-941A-EA027592466D}.Debug|Any CPU.Build.0 = Debug|Any CPU
		{8B1EF371-C5A0-419E-941A-EA027592466D}.Release|Any CPU.ActiveCfg = Release|Any CPU
		{8B1EF371-C5A0-419E-941A-EA027592466D}.Release|Any CPU.Build.0 = Release|Any CPU
		{77B6529E-E012-4F37-BA65-39B0E6BB8D37}.Debug|Any CPU.ActiveCfg = Debug|Any CPU
		{77B6529E-E012-4F37-BA65-39B0E6BB8D37}.Debug|Any CPU.Build.0 = Debug|Any CPU
		{77B6529E-E012-4F37-BA65-39B0E6BB8D37}.Release|Any CPU.ActiveCfg = Release|Any CPU
		{77B6529E-E012-4F37-BA65-39B0E6BB8D37}.Release|Any CPU.Build.0 = Release|Any CPU
	EndGlobalSection
	GlobalSection(SolutionProperties) = preSolution
		HideSolutionNode = FALSE
	EndGlobalSection
	GlobalSection(NestedProjects) = preSolution
		{077434C5-64F0-46A5-9122-BCB82034CA94} = {2EAB81DF-467F-472D-B0C1-86A3FC3BCA99}
		{90F636C7-6DA1-496C-9B56-99DED8BB4BA9} = {F8A4F2D1-3A5D-430C-95B2-79842B8A911D}
		{E728A261-0CAC-47C9-B1D1-7517F893BD8B} = {58E14902-63D6-4EC9-9ADD-8A4297B9CAF3}
		{F8280FB5-06AA-4ACC-9909-DD7B9B33A036} = {E728A261-0CAC-47C9-B1D1-7517F893BD8B}
		{01683487-8163-4067-853D-5F15ADEDED23} = {F8280FB5-06AA-4ACC-9909-DD7B9B33A036}
		{D7FFE65D-364B-4D86-84A7-93FB373E4FA9} = {E728A261-0CAC-47C9-B1D1-7517F893BD8B}
		{8B1EF371-C5A0-419E-941A-EA027592466D} = {D7FFE65D-364B-4D86-84A7-93FB373E4FA9}
		{E4670AF2-E3F7-4113-9408-0E2666FBF5E7} = {58E14902-63D6-4EC9-9ADD-8A4297B9CAF3}
		{917DED5D-03DD-4C96-8598-84280F5B2E9B} = {E4670AF2-E3F7-4113-9408-0E2666FBF5E7}
		{77B6529E-E012-4F37-BA65-39B0E6BB8D37} = {917DED5D-03DD-4C96-8598-84280F5B2E9B}
		{2EAB81DF-467F-472D-B0C1-86A3FC3BCA99} = {58E14902-63D6-4EC9-9ADD-8A4297B9CAF3}
	EndGlobalSection
	GlobalSection(ExtensibilityGlobals) = postSolution
		SolutionGuid = {4548EA9E-2778-4146-89EE-D8B68C15F194}
	EndGlobalSection
EndGlobal
