
Microsoft Visual Studio Solution File, Format Version 12.00
# Visual Studio Version 16
VisualStudioVersion = 16.0.29326.143
MinimumVisualStudioVersion = 10.0.40219.1
Project("{FAE04EC0-301F-11D3-BF4B-00C04F79EFBC}") = "WarehouseTest", "WarehouseTest\WarehouseTest.csproj", "{077434C5-64F0-46A5-9122-BCB82034CA94}"
EndProject
Project("{2150E333-8FDC-42A3-9474-1A3956D46DE8}") = "Framework", "Framework", "{F8A4F2D1-3A5D-430C-95B2-79842B8A911D}"
EndProject
Project("{FAE04EC0-301F-11D3-BF4B-00C04F79EFBC}") = "App.Framework", "Warehouse.Framework\App.Framework.csproj", "{90F636C7-6DA1-496C-9B56-99DED8BB4BA9}"
EndProject
Project("{2150E333-8FDC-42A3-9474-1A3956D46DE8}") = "Src", "Src", "{58E14902-63D6-4EC9-9ADD-8A4297B9CAF3}"
EndProject
Project("{2150E333-8FDC-42A3-9474-1A3956D46DE8}") = "Domin", "Domin", "{E728A261-0CAC-47C9-B1D1-7517F893BD8B}"
EndProject
Project("{2150E333-8FDC-42A3-9474-1A3956D46DE8}") = "Core", "Core", "{F8280FB5-06AA-4ACC-9909-DD7B9B33A036}"
EndProject
Project("{FAE04EC0-301F-11D3-BF4B-00C04F79EFBC}") = "App.Domin.Core", "App.Domin.Core\App.Domin.Core.csproj", "{01683487-8163-4067-853D-5F15ADEDED23}"
EndProject
Project("{2150E333-8FDC-42A3-9474-1A3956D46DE8}") = "Business", "Business", "{E4670AF2-E3F7-4113-9408-0E2666FBF5E7}"
EndProject
Project("{2150E333-8FDC-42A3-9474-1A3956D46DE8}") = "Services", "Services", "{917DED5D-03DD-4C96-8598-84280F5B2E9B}"
EndProject
Project("{FAE04EC0-301F-11D3-BF4B-00C04F79EFBC}") = "App.Bus.Services", "App.Bus.Services\App.Bus.Services.csproj", "{77B6529E-E012-4F37-BA65-39B0E6BB8D37}"
EndProject
Project("{2150E333-8FDC-42A3-9474-1A3956D46DE8}") = "UI", "UI", "{2EAB81DF-467F-472D-B0C1-86A3FC3BCA99}"
EndProject
Project("{2150E333-8FDC-42A3-9474-1A3956D46DE8}") = "Shell", "Shell", "{785E150D-6DBA-49FE-9243-AFC4A68AB1B4}"
EndProject
Project("{2150E333-8FDC-42A3-9474-1A3956D46DE8}") = "Warehouse", "Warehouse", "{604C9955-77C1-4FD3-A11F-334329370423}"
EndProject
Project("{FAE04EC0-301F-11D3-BF4B-00C04F79EFBC}") = "App.Shell", "App.Shell\App.Shell.csproj", "{9198DF3F-A3DF-4893-8D89-48265F216044}"
EndProject
Project("{FAE04EC0-301F-11D3-BF4B-00C04F79EFBC}") = "App.Framework.UI", "App.Framework.UI\App.Framework.UI.csproj", "{B1352390-A1B5-45F4-BB5B-3B8AA03D8114}"
EndProject
Global
	GlobalSection(SolutionConfigurationPlatforms) = preSolution
		Debug|Any CPU = Debug|Any CPU
		Release|Any CPU = Release|Any CPU
	EndGlobalSection
	GlobalSection(ProjectConfigurationPlatforms) = postSolution
		{077434C5-64F0-46A5-9122-BCB82034CA94}.Debug|Any CPU.ActiveCfg = Debug|Any CPU
		{077434C5-64F0-46A5-9122-BCB82034CA94}.Debug|Any CPU.Build.0 = Debug|Any CPU
		{077434C5-64F0-46A5-9122-BCB82034CA94}.Release|Any CPU.ActiveCfg = Release|Any CPU
		{077434C5-64F0-46A5-9122-BCB82034CA94}.Release|Any CPU.Build.0 = Release|Any CPU
		{90F636C7-6DA1-496C-9B56-99DED8BB4BA9}.Debug|Any CPU.ActiveCfg = Debug|Any CPU
		{90F636C7-6DA1-496C-9B56-99DED8BB4BA9}.Debug|Any CPU.Build.0 = Debug|Any CPU
		{90F636C7-6DA1-496C-9B56-99DED8BB4BA9}.Release|Any CPU.ActiveCfg = Release|Any CPU
		{90F636C7-6DA1-496C-9B56-99DED8BB4BA9}.Release|Any CPU.Build.0 = Release|Any CPU
		{01683487-8163-4067-853D-5F15ADEDED23}.Debug|Any CPU.ActiveCfg = Debug|Any CPU
		{01683487-8163-4067-853D-5F15ADEDED23}.Debug|Any CPU.Build.0 = Debug|Any CPU
		{01683487-8163-4067-853D-5F15ADEDED23}.Release|Any CPU.ActiveCfg = Release|Any CPU
		{01683487-8163-4067-853D-5F15ADEDED23}.Release|Any CPU.Build.0 = Release|Any CPU
		{77B6529E-E012-4F37-BA65-39B0E6BB8D37}.Debug|Any CPU.ActiveCfg = Debug|Any CPU
		{77B6529E-E012-4F37-BA65-39B0E6BB8D37}.Debug|Any CPU.Build.0 = Debug|Any CPU
		{77B6529E-E012-4F37-BA65-39B0E6BB8D37}.Release|Any CPU.ActiveCfg = Release|Any CPU
		{77B6529E-E012-4F37-BA65-39B0E6BB8D37}.Release|Any CPU.Build.0 = Release|Any CPU
		{9198DF3F-A3DF-4893-8D89-48265F216044}.Debug|Any CPU.ActiveCfg = Debug|Any CPU
		{9198DF3F-A3DF-4893-8D89-48265F216044}.Debug|Any CPU.Build.0 = Debug|Any CPU
		{9198DF3F-A3DF-4893-8D89-48265F216044}.Release|Any CPU.ActiveCfg = Release|Any CPU
		{9198DF3F-A3DF-4893-8D89-48265F216044}.Release|Any CPU.Build.0 = Release|Any CPU
		{B1352390-A1B5-45F4-BB5B-3B8AA03D8114}.Debug|Any CPU.ActiveCfg = Debug|Any CPU
		{B1352390-A1B5-45F4-BB5B-3B8AA03D8114}.Debug|Any CPU.Build.0 = Debug|Any CPU
		{B1352390-A1B5-45F4-BB5B-3B8AA03D8114}.Release|Any CPU.ActiveCfg = Release|Any CPU
		{B1352390-A1B5-45F4-BB5B-3B8AA03D8114}.Release|Any CPU.Build.0 = Release|Any CPU
	EndGlobalSection
	GlobalSection(SolutionProperties) = preSolution
		HideSolutionNode = FALSE
	EndGlobalSection
	GlobalSection(NestedProjects) = preSolution
		{077434C5-64F0-46A5-9122-BCB82034CA94} = {2EAB81DF-467F-472D-B0C1-86A3FC3BCA99}
		{90F636C7-6DA1-496C-9B56-99DED8BB4BA9} = {F8A4F2D1-3A5D-430C-95B2-79842B8A911D}
		{E728A261-0CAC-47C9-B1D1-7517F893BD8B} = {604C9955-77C1-4FD3-A11F-334329370423}
		{F8280FB5-06AA-4ACC-9909-DD7B9B33A036} = {E728A261-0CAC-47C9-B1D1-7517F893BD8B}
		{01683487-8163-4067-853D-5F15ADEDED23} = {F8280FB5-06AA-4ACC-9909-DD7B9B33A036}
		{E4670AF2-E3F7-4113-9408-0E2666FBF5E7} = {604C9955-77C1-4FD3-A11F-334329370423}
		{917DED5D-03DD-4C96-8598-84280F5B2E9B} = {E4670AF2-E3F7-4113-9408-0E2666FBF5E7}
		{77B6529E-E012-4F37-BA65-39B0E6BB8D37} = {917DED5D-03DD-4C96-8598-84280F5B2E9B}
		{2EAB81DF-467F-472D-B0C1-86A3FC3BCA99} = {604C9955-77C1-4FD3-A11F-334329370423}
		{785E150D-6DBA-49FE-9243-AFC4A68AB1B4} = {58E14902-63D6-4EC9-9ADD-8A4297B9CAF3}
		{604C9955-77C1-4FD3-A11F-334329370423} = {58E14902-63D6-4EC9-9ADD-8A4297B9CAF3}
		{9198DF3F-A3DF-4893-8D89-48265F216044} = {785E150D-6DBA-49FE-9243-AFC4A68AB1B4}
		{B1352390-A1B5-45F4-BB5B-3B8AA03D8114} = {F8A4F2D1-3A5D-430C-95B2-79842B8A911D}
	EndGlobalSection
	GlobalSection(ExtensibilityGlobals) = postSolution
		SolutionGuid = {4548EA9E-2778-4146-89EE-D8B68C15F194}
	EndGlobalSection
EndGlobal
